schema: '2.0'
stages:
  data_ingestion:
    cmd: python src/data_ingestion.py
    deps:
    - path: src/data_ingestion.py
      hash: md5
      md5: 0bfd283f7bde75993bfb79765db25db1
      size: 3498
    params:
      params.yaml:
        data_ingestion.test_size: 0.35
    outs:
    - path: data/raw
      hash: md5
      md5: 757976709af5b8e1a7266c169aa0ba6e.dir
      size: 484846
      nfiles: 2
  data_preprocessing:
    cmd: python src/data_preprocessing.py
    deps:
    - path: data/raw
      hash: md5
      md5: 757976709af5b8e1a7266c169aa0ba6e.dir
      size: 484846
      nfiles: 2
    - path: src/data_preprocessing.py
      hash: md5
      md5: 86a6c4dcff0b19c08b502e193a8bc929
      size: 4214
    outs:
    - path: data/interim
      hash: md5
      md5: b9f4f74b2f43532cf80427caa2a553ea.dir
      size: 263050
      nfiles: 2
  feature_engineering:
    cmd: python src/feature_engineering.py
    deps:
    - path: data/interim
      hash: md5
      md5: b9f4f74b2f43532cf80427caa2a553ea.dir
      size: 263050
      nfiles: 2
    - path: src/feature_engineering.py
      hash: md5
      md5: 9000c4cbafcaca3464664391d46659d2
      size: 3909
    params:
      params.yaml:
        feature_engineering.max_features: 40
    outs:
    - path: data/processed
      hash: md5
      md5: 3ce306c78cbe663082d03129d0fed681.dir
      size: 959531
      nfiles: 2
  model_building:
    cmd: python src/model_building.py
    deps:
    - path: data/processed
      hash: md5
      md5: 3ce306c78cbe663082d03129d0fed681.dir
      size: 959531
      nfiles: 2
    - path: src/model_building.py
      hash: md5
      md5: 3417f0261d71ca6f3cd724d27af1a105
      size: 4478
    params:
      params.yaml:
        model_building.n_estimators: 15
        model_building.random_state: 2
    outs:
    - path: models/model.pkl
      hash: md5
      md5: e2ed1053970bad8ee4870b5d670bb37f
      size: 730427
  model_evaluation:
    cmd: python src/model_evaluation.py
    deps:
    - path: models/model.pkl
      hash: md5
      md5: e2ed1053970bad8ee4870b5d670bb37f
      size: 730427
    - path: src/model_evaluation.py
      hash: md5
      md5: 3b3b261db7385f6b45f099f835d7e042
      size: 4641
    outs:
    - path: reports/metrics.json
      hash: md5
      md5: 860e78e9a2dd103695fe6a9cd9c9ccbd
      size: 144
